
Microsoft Visual Studio Solution File, Format Version 12.00
# Visual Studio Version 17
VisualStudioVersion = 17.4.33213.308
MinimumVisualStudioVersion = 10.0.40219.1
Project("{FAE04EC0-301F-11D3-BF4B-00C04F79EFBC}") = "Contacts", "Contacts\Contacts.csproj", "{B334E6F3-E442-437C-A8D0-65926E570884}"
EndProject
Global
	GlobalSection(SolutionConfigurationPlatforms) = preSolution
		Debug|Any CPU = Debug|Any CPU
		Release|Any CPU = Release|Any CPU
	EndGlobalSection
	GlobalSection(ProjectConfigurationPlatforms) = postSolution
		{B334E6F3-E442-437C-A8D0-65926E570884}.Debug|Any CPU.ActiveCfg = Debug|Any CPU
		{B334E6F3-E442-437C-A8D0-65926E570884}.Debug|Any CPU.Build.0 = Debug|Any CPU
		{B334E6F3-E442-437C-A8D0-65926E570884}.Release|Any CPU.ActiveCfg = Release|Any CPU
		{B334E6F3-E442-437C-A8D0-65926E570884}.Release|Any CPU.Build.0 = Release|Any CPU
	EndGlobalSection
	GlobalSection(SolutionProperties) = preSolution
		HideSolutionNode = FALSE
	EndGlobalSection
	GlobalSection(ExtensibilityGlobals) = postSolution
		SolutionGuid = {95D0E396-B8FB-46ED-B6BC-625A95432641}
	EndGlobalSection
EndGlobal
